
Microsoft Visual Studio Solution File, Format Version 12.00
# Visual Studio 14
VisualStudioVersion = 14.0.25123.0
MinimumVisualStudioVersion = 10.0.40219.1
Project("{2150E333-8FDC-42A3-9474-1A3956D46DE8}") = "src", "src", "{6CFCA676-9CF8-4E80-B049-6A1C9BA310D4}"
EndProject
Project("{2150E333-8FDC-42A3-9474-1A3956D46DE8}") = "Solution Items", "Solution Items", "{2313A42E-AB5D-4838-BB0D-46C2B533946A}"
	ProjectSection(SolutionItems) = preProject
		global.json = global.json
	EndProjectSection
EndProject
Project("{8BB2217D-0F2D-49D1-97BC-3654ED321F3B}") = "KiasaBox.WebApp", "src\KiasaBox.WebApp\KiasaBox.WebApp.xproj", "{803BC7CB-CA2A-4E08-B0B8-D312F894BB43}"
EndProject
Global
	GlobalSection(SolutionConfigurationPlatforms) = preSolution
		Debug|Any CPU = Debug|Any CPU
		Release|Any CPU = Release|Any CPU
	EndGlobalSection
	GlobalSection(ProjectConfigurationPlatforms) = postSolution
		{803BC7CB-CA2A-4E08-B0B8-D312F894BB43}.Debug|Any CPU.ActiveCfg = Debug|Any CPU
		{803BC7CB-CA2A-4E08-B0B8-D312F894BB43}.Debug|Any CPU.Build.0 = Debug|Any CPU
		{803BC7CB-CA2A-4E08-B0B8-D312F894BB43}.Release|Any CPU.ActiveCfg = Release|Any CPU
		{803BC7CB-CA2A-4E08-B0B8-D312F894BB43}.Release|Any CPU.Build.0 = Release|Any CPU
	EndGlobalSection
	GlobalSection(SolutionProperties) = preSolution
		HideSolutionNode = FALSE
	EndGlobalSection
	GlobalSection(NestedProjects) = preSolution
		{803BC7CB-CA2A-4E08-B0B8-D312F894BB43} = {6CFCA676-9CF8-4E80-B049-6A1C9BA310D4}
	EndGlobalSection
EndGlobal
